<?xml version="1.0" encoding="utf-8"?>
<Project ToolsVersion="4.0" xmlns="http://schemas.microsoft.com/developer/msbuild/2003">
  <ItemGroup>
    <Filter Include="ソース ファイル">
      <UniqueIdentifier>{4FC737F1-C7A5-4376-A066-2A32D752A2FF}</UniqueIdentifier>
      <Extensions>cpp;c;cc;cxx;def;odl;idl;hpj;bat;asm;asmx</Extensions>
    </Filter>
    <Filter Include="リソース ファイル">
      <UniqueIdentifier>{67DA6AB6-F800-4c08-8B7A-83BB121AAD01}</UniqueIdentifier>
      <Extensions>rc;ico;cur;bmp;dlg;rc2;rct;bin;rgs;gif;jpg;jpeg;jpe;resx;tiff;tif;png;wav;mfcribbon-ms</Extensions>
    </Filter>
    <Filter Include="ソース ファイル\Scene">
      <UniqueIdentifier>{e8de57c4-c9ce-4f65-a589-80988096fbdd}</UniqueIdentifier>
    </Filter>
    <Filter Include="ソース ファイル\MainScene">
      <UniqueIdentifier>{83422936-319b-4532-8063-ff7f98825515}</UniqueIdentifier>
    </Filter>
    <Filter Include="ソース ファイル\MainScene\Object">
      <UniqueIdentifier>{7e7d2c6d-acfb-42c0-8d84-c51bfae30724}</UniqueIdentifier>
    </Filter>
    <Filter Include="ソース ファイル\MainScene\BackGround">
      <UniqueIdentifier>{f8f7caa6-07a4-4b61-981f-3b99bc5d3bb1}</UniqueIdentifier>
    </Filter>
    <Filter Include="ソース ファイル\MainScene\Player">
      <UniqueIdentifier>{22770e4f-967e-4eff-a117-222b572d8adf}</UniqueIdentifier>
    </Filter>
    <Filter Include="ソース ファイル\CommonScene">
      <UniqueIdentifier>{8c91c61d-f664-4a89-8b93-710de3e1f1b0}</UniqueIdentifier>
    </Filter>
    <Filter Include="ソース ファイル\CommonScene\UI">
      <UniqueIdentifier>{7b8a29fa-fcc4-4dec-9d1a-d5e860f21f7a}</UniqueIdentifier>
    </Filter>
  </ItemGroup>
  <ItemGroup>
    <ClInclude Include="source\sub.hpp">
      <Filter>ソース ファイル</Filter>
    </ClInclude>
    <ClInclude Include="source\Enums.hpp">
      <Filter>ソース ファイル</Filter>
    </ClInclude>
    <ClInclude Include="source\Header.hpp">
      <Filter>ソース ファイル</Filter>
    </ClInclude>
    <ClInclude Include="source\MainScene\BackGround\BackGround.hpp">
      <Filter>ソース ファイル\MainScene\BackGround</Filter>
    </ClInclude>
    <ClInclude Include="source\Scene\MainScene.hpp">
      <Filter>ソース ファイル\Scene</Filter>
    </ClInclude>
    <ClInclude Include="source\MainScene\Player\Player.hpp">
      <Filter>ソース ファイル\MainScene\Player</Filter>
    </ClInclude>
    <ClInclude Include="source\Scene\MainSceneLoader.hpp">
      <Filter>ソース ファイル\Scene</Filter>
    </ClInclude>
    <ClInclude Include="source\MainScene\Player\CPU.hpp">
      <Filter>ソース ファイル\MainScene\Player</Filter>
    </ClInclude>
    <ClInclude Include="source\MainScene\NetworkBrowser.hpp">
      <Filter>ソース ファイル\MainScene</Filter>
    </ClInclude>
    <ClInclude Include="source\MainScene\NetWork.hpp">
      <Filter>ソース ファイル\MainScene</Filter>
    </ClInclude>
    <ClInclude Include="source\MainScene\Object\Character.hpp">
      <Filter>ソース ファイル\MainScene\Object</Filter>
    </ClInclude>
    <ClInclude Include="source\MainScene\Object\Character_before.hpp">
      <Filter>ソース ファイル\MainScene\Object</Filter>
    </ClInclude>
    <ClInclude Include="source\MainScene\Object\CharacterEnum.hpp">
      <Filter>ソース ファイル\MainScene\Object</Filter>
    </ClInclude>
    <ClInclude Include="source\CommonScene\UI\CommonUIControl.hpp">
      <Filter>ソース ファイル\CommonScene\UI</Filter>
    </ClInclude>
    <ClInclude Include="source\Scene\TitleScene.hpp">
      <Filter>ソース ファイル\Scene</Filter>
    </ClInclude>
    <ClInclude Include="source\MainScene\MainSceneSub.hpp">
      <Filter>ソース ファイル\MainScene</Filter>
    </ClInclude>
    <ClInclude Include="source\MainScene\Object\Gun_before.hpp">
      <Filter>ソース ファイル\MainScene\Object</Filter>
    </ClInclude>
    <ClInclude Include="source\MainScene\Object\Mod.hpp">
      <Filter>ソース ファイル\MainScene\Object</Filter>
    </ClInclude>
    <ClInclude Include="source\MainScene\Object\FallObj.hpp">
      <Filter>ソース ファイル\MainScene\Object</Filter>
    </ClInclude>
    <ClInclude Include="source\MainScene\Object\GunEnum.hpp">
      <Filter>ソース ファイル\MainScene\Object</Filter>
    </ClInclude>
    <ClInclude Include="source\MainScene\Object\AmmoData.hpp">
      <Filter>ソース ファイル\MainScene\Object</Filter>
    </ClInclude>
    <ClInclude Include="source\MainScene\Object\ModData.hpp">
      <Filter>ソース ファイル\MainScene\Object</Filter>
    </ClInclude>
    <ClInclude Include="source\MainScene\Object\Ammo.hpp">
      <Filter>ソース ファイル\MainScene\Object</Filter>
    </ClInclude>
    <ClInclude Include="source\MainScene\Object\CharaAnimData.hpp">
      <Filter>ソース ファイル\MainScene\Object</Filter>
    </ClInclude>
    <ClInclude Include="source\MainScene\Object\Gun.hpp">
      <Filter>ソース ファイル\MainScene\Object</Filter>
    </ClInclude>
    <ClInclude Include="source\MainScene\Object\Helicopter.hpp">
      <Filter>ソース ファイル\MainScene\Object</Filter>
    </ClInclude>
    <ClInclude Include="source\MainScene\Object\Vehicle.hpp">
      <Filter>ソース ファイル\MainScene\Object</Filter>
    </ClInclude>
    <ClInclude Include="source\MainScene\Object\VehicleData.hpp">
      <Filter>ソース ファイル\MainScene\Object</Filter>
    </ClInclude>
    <ClInclude Include="source\MainScene\Object\VehicleEnum.hpp">
      <Filter>ソース ファイル\MainScene\Object</Filter>
    </ClInclude>
    <ClInclude Include="source\MainScene\Object\MovieCharacter.hpp">
      <Filter>ソース ファイル\MainScene\Object</Filter>
    </ClInclude>
    <ClInclude Include="source\MainScene\Object\ItemObj.hpp">
      <Filter>ソース ファイル\MainScene\Object</Filter>
    </ClInclude>
    <ClInclude Include="source\MainScene\Object\Armer.hpp">
      <Filter>ソース ファイル\MainScene\Object</Filter>
    </ClInclude>
    <ClInclude Include="source\MainScene\BackGround\BackGroundSub.hpp">
      <Filter>ソース ファイル\MainScene\BackGround</Filter>
    </ClInclude>
  </ItemGroup>
  <ItemGroup>
    <ClCompile Include="source\main.cpp">
      <Filter>ソース ファイル</Filter>
    </ClCompile>
    <ClCompile Include="source\MainScene\BackGround\BackGround.cpp">
      <Filter>ソース ファイル\MainScene\BackGround</Filter>
    </ClCompile>
    <ClCompile Include="source\sub.cpp">
      <Filter>ソース ファイル</Filter>
    </ClCompile>
    <ClCompile Include="source\Scene\MainScene.cpp">
      <Filter>ソース ファイル\Scene</Filter>
    </ClCompile>
    <ClCompile Include="source\MainScene\Player\Player.cpp">
      <Filter>ソース ファイル\MainScene\Player</Filter>
    </ClCompile>
    <ClCompile Include="source\MainScene\NetworkBrowser.cpp">
      <Filter>ソース ファイル\MainScene</Filter>
    </ClCompile>
    <ClCompile Include="source\MainScene\Object\Character.cpp">
      <Filter>ソース ファイル\MainScene\Object</Filter>
    </ClCompile>
    <ClCompile Include="source\MainScene\Object\Character_before.cpp">
      <Filter>ソース ファイル\MainScene\Object</Filter>
    </ClCompile>
    <ClCompile Include="source\MainScene\Player\CPU.cpp">
      <Filter>ソース ファイル\MainScene\Player</Filter>
    </ClCompile>
    <ClCompile Include="source\MainScene\NetWork.cpp">
      <Filter>ソース ファイル\MainScene</Filter>
    </ClCompile>
    <ClCompile Include="source\CommonScene\UI\CommonUIControl.cpp">
      <Filter>ソース ファイル\CommonScene\UI</Filter>
    </ClCompile>
    <ClCompile Include="source\Scene\TitleScene.cpp">
      <Filter>ソース ファイル\Scene</Filter>
    </ClCompile>
    <ClCompile Include="source\MainScene\MainSceneSub.cpp">
      <Filter>ソース ファイル\MainScene</Filter>
    </ClCompile>
    <ClCompile Include="source\MainScene\Object\FallObj.cpp">
      <Filter>ソース ファイル\MainScene\Object</Filter>
    </ClCompile>
    <ClCompile Include="source\MainScene\Object\Mod.cpp">
      <Filter>ソース ファイル\MainScene\Object</Filter>
    </ClCompile>
    <ClCompile Include="source\MainScene\Object\ModData.cpp">
      <Filter>ソース ファイル\MainScene\Object</Filter>
    </ClCompile>
    <ClCompile Include="source\MainScene\Object\CharaAnimData.cpp">
      <Filter>ソース ファイル\MainScene\Object</Filter>
    </ClCompile>
    <ClCompile Include="source\MainScene\Object\AmmoData.cpp">
      <Filter>ソース ファイル\MainScene\Object</Filter>
    </ClCompile>
    <ClCompile Include="source\MainScene\Object\Gun_before.cpp">
      <Filter>ソース ファイル\MainScene\Object</Filter>
    </ClCompile>
    <ClCompile Include="source\MainScene\Object\Gun.cpp">
      <Filter>ソース ファイル\MainScene\Object</Filter>
    </ClCompile>
    <ClCompile Include="source\MainScene\Object\Ammo.cpp">
      <Filter>ソース ファイル\MainScene\Object</Filter>
    </ClCompile>
    <ClCompile Include="source\MainScene\Object\Helicopter.cpp">
      <Filter>ソース ファイル\MainScene\Object</Filter>
    </ClCompile>
    <ClCompile Include="source\MainScene\Object\Vehicle.cpp">
      <Filter>ソース ファイル\MainScene\Object</Filter>
    </ClCompile>
    <ClCompile Include="source\MainScene\Object\MovieCharacter.cpp">
      <Filter>ソース ファイル\MainScene\Object</Filter>
    </ClCompile>
    <ClCompile Include="source\MainScene\Object\ItemObj.cpp">
      <Filter>ソース ファイル\MainScene\Object</Filter>
    </ClCompile>
    <ClCompile Include="source\MainScene\Object\VehicleData.cpp">
      <Filter>ソース ファイル\MainScene\Object</Filter>
    </ClCompile>
    <ClCompile Include="source\MainScene\Object\Armer.cpp">
      <Filter>ソース ファイル\MainScene\Object</Filter>
    </ClCompile>
    <ClCompile Include="source\MainScene\BackGround\BackGroundSub.cpp">
      <Filter>ソース ファイル\MainScene\BackGround</Filter>
    </ClCompile>
  </ItemGroup>
</Project>